{
  "name": "themes",
  "lockfileVersion": 3,
  "requires": true,
  "packages": {
    "": {
      "dependencies": {
        "@vivliostyle/theme-techbook": "^1.0.1"
      }
    },
    "node_modules/@vivliostyle/theme-base": {
      "version": "1.0.1",
      "resolved": "https://registry.npmjs.org/@vivliostyle/theme-base/-/theme-base-1.0.1.tgz",
      "integrity": "sha512-N5Fa6j6gQFzIvk8uqhwGyRfz/IBzuJRCWq9s0CDN1XB0tr2K2S+E268emoiXdXxRe70enBOR53dADEdEP1Y4JA==",
      "license": "CC0-1.0",
      "peerDependencies": {
        "@vivliostyle/cli": ">=7"
      },
      "peerDependenciesMeta": {
        "@vivliostyle/cli": {
          "optional": true
        }
      }
    },
    "node_modules/@vivliostyle/theme-techbook": {
      "version": "1.0.1",
      "resolved": "https://registry.npmjs.org/@vivliostyle/theme-techbook/-/theme-techbook-1.0.1.tgz",
      "integrity": "sha512-u3zaJV5eDgGjl6PJWfZaM1TlFKLksFLTJxic0WTWWYTr1MoDdxfTBAU5THLqJdeYurumg6WiLCNvvuVmL2fbZw==",
      "license": "CC0-1.0",
      "dependencies": {
        "@vivliostyle/theme-base": "^1.0.1"
      },
      "peerDependencies": {
        "@vivliostyle/cli": ">=7"
      },
      "peerDependenciesMeta": {
        "@vivliostyle/cli": {
          "optional": true
        }
      }
    }
  }
}
