{
  "name": "mcp9808",
  "version": "1.0.0",
  "lockfileVersion": 3,
  "requires": true,
  "packages": {
    "": {
      "name": "mcp9808",
      "version": "1.0.0",
      "license": "MPL-2.0",
      "dependencies": {
        "@chirimen/mcp9808": "^1.0.0",
        "chirimen": "^0.2.1",
        "node-web-gpio": "latest",
        "node-web-i2c": "^1.1.36"
      }
    },
    "node_modules/@chirimen/ads1015": {
      "version": "1.0.5",
      "resolved": "https://registry.npmjs.org/@chirimen/ads1015/-/ads1015-1.0.5.tgz",
      "integrity": "sha512-GQSrePH0BGxtq8hOhiydR7I8vk18raPeTfCrodwYEkSNe+0ylMMeI4rVXOJrpiEwyTYg2VPHXcv9LUI0Up+NNg==",
      "license": "MIT"
    },
    "node_modules/@chirimen/ads1x15": {
      "version": "1.0.3",
      "resolved": "https://registry.npmjs.org/@chirimen/ads1x15/-/ads1x15-1.0.3.tgz",
      "integrity": "sha512-A/VYNPuUReznizt2mub98eGFrl+CPzuokvUmNuAppXjbKcODpiKGxaLlx3hjzNVkNJ7Csi7L5svc6fBZxeBETQ==",
      "license": "MIT"
    },
    "node_modules/@chirimen/adt7410": {
      "version": "1.0.7",
      "resolved": "https://registry.npmjs.org/@chirimen/adt7410/-/adt7410-1.0.7.tgz",
      "integrity": "sha512-WWQYZM4jJgEaF8WQys7GszuQdytRF416Zg9kIwdM73sFHSa12Ficu7KyxuX0ME445bObnHFOoJqi7FuUPm0F0Q==",
      "license": "MIT"
    },
    "node_modules/@chirimen/aht10": {
      "version": "1.0.0",
      "resolved": "https://registry.npmjs.org/@chirimen/aht10/-/aht10-1.0.0.tgz",
      "integrity": "sha512-0Gfm/KMXHY17DMOaY9M4ay9rUxEHTZwoTr6ISt/rO9qWZEAf8kNssDvour9qBg3wkuoZNvnmDlpCPfUATimEBw==",
      "license": "MIT"
    },
    "node_modules/@chirimen/ahtx0": {
      "version": "1.0.0",
      "resolved": "https://registry.npmjs.org/@chirimen/ahtx0/-/ahtx0-1.0.0.tgz",
      "integrity": "sha512-mGDdOfptOMD1Ti4mUZ5KKdjL2oawohp79qaDKG9ukT4V0YR73xbF9ZaYG10BxTiCEdYpDOoKch3AXT1kRTWb7g==",
      "license": "MIT"
    },
    "node_modules/@chirimen/ak8963": {
      "version": "1.0.3",
      "resolved": "https://registry.npmjs.org/@chirimen/ak8963/-/ak8963-1.0.3.tgz",
      "integrity": "sha512-WurlfsSuZzSuWz3B4yUch4Id0CQpKyAiA+M62Te1egPQsEj7RYJo4J/NIgIk+y/mSap4jULTHaqdk5eKisPhyA==",
      "license": "MIT"
    },
    "node_modules/@chirimen/amg8833": {
      "version": "1.0.3",
      "resolved": "https://registry.npmjs.org/@chirimen/amg8833/-/amg8833-1.0.3.tgz",
      "integrity": "sha512-bUYmGTka+1ZyDUVXVb0zP6lRiLf2kSoUQ/3WwbXLhwKq/uSxHM4pbYRSdKV2fFdlUeuBUt9SnoXlhQbvgxCniA==",
      "license": "MIT"
    },
    "node_modules/@chirimen/apds9960": {
      "version": "1.0.2",
      "resolved": "https://registry.npmjs.org/@chirimen/apds9960/-/apds9960-1.0.2.tgz",
      "integrity": "sha512-m/Hj8OIw0mTG13lthfez99OxS1d+SJPDbkDirhs68ygjavQgfUbjwBsmv/9be8i0K7RdeIxRj/YEWWuscQmkRQ==",
      "license": "MIT"
    },
    "node_modules/@chirimen/arduino-stepping-motor": {
      "version": "1.0.3",
      "resolved": "https://registry.npmjs.org/@chirimen/arduino-stepping-motor/-/arduino-stepping-motor-1.0.3.tgz",
      "integrity": "sha512-eLgm7fbSYHLcnb6DJumFcnLaEVacts1e7e/h/9IAwh4h7qOgm70JHoPU9u0FfBCqydAqfzhug6OyFCAhWB3/Ag==",
      "license": "MIT"
    },
    "node_modules/@chirimen/as3935": {
      "version": "1.0.0",
      "resolved": "https://registry.npmjs.org/@chirimen/as3935/-/as3935-1.0.0.tgz",
      "integrity": "sha512-KPynSLx/w7kseW141Nm46I5We4oYnsUTa23W22UCpBK7rqUiJgXRJw/Fk2RXctu35kByZB1He9oOD/wLN//aBQ==",
      "license": "MIT"
    },
    "node_modules/@chirimen/as5600": {
      "version": "1.0.0",
      "resolved": "https://registry.npmjs.org/@chirimen/as5600/-/as5600-1.0.0.tgz",
      "integrity": "sha512-721YHVJWEmibB4WkbGLSC/s+Dx95t3xsbgtKgz5MpBFSgPKnZWRiVXYjSZLpUiND6LDjm7S3RAOhJaDhmbuuYQ==",
      "license": "MIT"
    },
    "node_modules/@chirimen/bh1750": {
      "version": "1.0.3",
      "resolved": "https://registry.npmjs.org/@chirimen/bh1750/-/bh1750-1.0.3.tgz",
      "integrity": "sha512-sPW4KU7TEmggvz/YE3Q8FZPamoXByYf2g++7HAjQg4rhYKQ/2AXeBwG641LQO9ruYr4obGex7InuO2LJx7q7GQ==",
      "license": "MIT"
    },
    "node_modules/@chirimen/bme280": {
      "version": "1.0.3",
      "resolved": "https://registry.npmjs.org/@chirimen/bme280/-/bme280-1.0.3.tgz",
      "integrity": "sha512-Wsqh8zDhf/duQbMTEONACmd3BczgKtJOyPSanCqzhxPivr7A1m967srE2VT1bJBszz6mEuWP6GLQZJEebl27Xw==",
      "license": "MIT"
    },
    "node_modules/@chirimen/bme680": {
      "version": "1.0.0",
      "resolved": "https://registry.npmjs.org/@chirimen/bme680/-/bme680-1.0.0.tgz",
      "integrity": "sha512-3Al7jyfjpXN30zI7AZSawysoytzwyeo7WjwD9iKJeD2rGO4mKPhW8KKLh92Kz7+QwJjSZIvwIqgHoXMdkcv4wA=="
    },
    "node_modules/@chirimen/bmp180": {
      "version": "1.0.3",
      "resolved": "https://registry.npmjs.org/@chirimen/bmp180/-/bmp180-1.0.3.tgz",
      "integrity": "sha512-+0PEKJU0vFnr5siGbGJCeGjW8ncAQ18rm+VXKAtHbvguvsbZy45C/s0b23GiehQXcyyQarBGwxDP80+L27YV0A==",
      "license": "MIT"
    },
    "node_modules/@chirimen/bmp280": {
      "version": "1.0.3",
      "resolved": "https://registry.npmjs.org/@chirimen/bmp280/-/bmp280-1.0.3.tgz",
      "integrity": "sha512-oUMmez0pzmU6MQKOMB7cyF2KnOnKil0gDIt3IcjoY+sIHoS50W0PnPlNwhK1w+JuNRWlQ7xPQoKYbUx4Bc0RRQ==",
      "license": "MIT"
    },
    "node_modules/@chirimen/canzasi": {
      "version": "1.0.4",
      "resolved": "https://registry.npmjs.org/@chirimen/canzasi/-/canzasi-1.0.4.tgz",
      "integrity": "sha512-5Rn/RiXY/wt+nY8yROVHHj0Hqyi4eD29W46jPhJSffgewgjN475VCX5DB+5MHgbVkM+Gmy7Y8dxgeOJ4EriN/g==",
      "license": "MIT"
    },
    "node_modules/@chirimen/ccs811": {
      "version": "1.0.1",
      "resolved": "https://registry.npmjs.org/@chirimen/ccs811/-/ccs811-1.0.1.tgz",
      "integrity": "sha512-0Vsh3p02VyQIDz+DjKn78uidynzlo/bxCZB70+hT01PzGXGzFKSVekTX+W4H1/a959S0MNk2kg5dJdthWJ7jOQ=="
    },
    "node_modules/@chirimen/ens160": {
      "version": "1.0.1",
      "resolved": "https://registry.npmjs.org/@chirimen/ens160/-/ens160-1.0.1.tgz",
      "integrity": "sha512-5kIe4oa1Lp+OEsI+vaHEOcTN/TNENDDRCSbxu55gpeYhqvlr6Nm4xBa0cBwYIgduXwBcWPzHdenxQwvEhb+SZw=="
    },
    "node_modules/@chirimen/gp2y0e03": {
      "version": "1.0.5",
      "resolved": "https://registry.npmjs.org/@chirimen/gp2y0e03/-/gp2y0e03-1.0.5.tgz",
      "integrity": "sha512-U9jPUtquV3US8cBGAVu2KADxIHIseKsKrp4i/8WP+BlY9qzX5aw25rkwSt+mKYXohEITWixqHUFUvjFcPe1zCA==",
      "license": "MIT"
    },
    "node_modules/@chirimen/grove-accelerometer": {
      "version": "1.0.4",
      "resolved": "https://registry.npmjs.org/@chirimen/grove-accelerometer/-/grove-accelerometer-1.0.4.tgz",
      "integrity": "sha512-+C/r/b+ZhSJSzpigFJf0FcjWKeeYwe+8wq/gfwkskfXENz9Xf8STk2DZRMKNWHrdD0rnnsutLgdI303UgcxrqA==",
      "license": "MIT"
    },
    "node_modules/@chirimen/grove-gesture": {
      "version": "1.0.4",
      "resolved": "https://registry.npmjs.org/@chirimen/grove-gesture/-/grove-gesture-1.0.4.tgz",
      "integrity": "sha512-c9MHjIG+fEl4LpZKIb6BUk/J67TQH+QxcZyvQvlSVbbryth3rXxkbYoPtS5SaY0mNShdRk4vRnEAgOz3fko35A==",
      "license": "MIT"
    },
    "node_modules/@chirimen/grove-light": {
      "version": "1.0.4",
      "resolved": "https://registry.npmjs.org/@chirimen/grove-light/-/grove-light-1.0.4.tgz",
      "integrity": "sha512-dEOBU15D0W7Wws/8+v3YD8BhitCqX3g4z/dycPuk2ykYzvruzL1CPSwLxNuSA0XCpsd2aoOnO+JMSLU6kPRBSw==",
      "license": "MIT"
    },
    "node_modules/@chirimen/grove-oled-display": {
      "version": "1.1.4",
      "resolved": "https://registry.npmjs.org/@chirimen/grove-oled-display/-/grove-oled-display-1.1.4.tgz",
      "integrity": "sha512-TwwWeFG3hTvjNpr77A48Jh78ARMk8Nsi27qceYBe8XWdQE+BvhWHSrBQcLFZVVQBLvhy+G0ZdJAXfkglGH4VYw==",
      "license": "MIT"
    },
    "node_modules/@chirimen/grove-touch": {
      "version": "1.0.4",
      "resolved": "https://registry.npmjs.org/@chirimen/grove-touch/-/grove-touch-1.0.4.tgz",
      "integrity": "sha512-wk2FOf0U+h2xYAUVw47Jdq4iahhn2FfOQs7l9unGv+L7J3Tt5NPt96j7E+cg2eAhLlZ5AT0hse/LP/jNhMExdA==",
      "license": "MIT"
    },
    "node_modules/@chirimen/hello-world": {
      "version": "1.0.0",
      "resolved": "https://registry.npmjs.org/@chirimen/hello-world/-/hello-world-1.0.0.tgz",
      "integrity": "sha512-3cV/3i+K5nLqo+p042WynM+IeTJMemtSY5WYhTyn0rABAo40xnRiXfzyj/4ST/IDPFplhtai4T1Q99v7YUM9yg==",
      "license": "MIT"
    },
    "node_modules/@chirimen/ht16k33": {
      "version": "1.0.1",
      "resolved": "https://registry.npmjs.org/@chirimen/ht16k33/-/ht16k33-1.0.1.tgz",
      "integrity": "sha512-GhNt+4oH/vzP8PJ2govEJWR1e8ZrV172w+iJ46GrTfZG6Won+PMQ5+yvLLwPijLc9m/4oa5lNILV2D/p+25X/w==",
      "license": "MIT"
    },
    "node_modules/@chirimen/htu21d": {
      "version": "1.0.0",
      "resolved": "https://registry.npmjs.org/@chirimen/htu21d/-/htu21d-1.0.0.tgz",
      "integrity": "sha512-vzufgQSf7JsDPPtOdW+kr2RKcG7rowDDfc0gBetpEvmNZY3QV6KRVv3SIu9AQg5RwWL9kMP3eKMztTPBPgb5tQ==",
      "license": "MIT"
    },
    "node_modules/@chirimen/icm20948": {
      "version": "1.0.1",
      "resolved": "https://registry.npmjs.org/@chirimen/icm20948/-/icm20948-1.0.1.tgz",
      "integrity": "sha512-dnBTJxzKdJ+ckocrL8abjOAOIvhwfCXLlgQ9UFH0EBoYfGGwA2Rq2gBWn7Ch57fUG1Kp/1Qu15cjAznGnQao1Q==",
      "license": "MIT"
    },
    "node_modules/@chirimen/ina219": {
      "version": "1.0.3",
      "resolved": "https://registry.npmjs.org/@chirimen/ina219/-/ina219-1.0.3.tgz",
      "integrity": "sha512-xNZNYRCXksU9Gd7I80ww586MyFWFZTpaoe8bbhxkjfmpcyi9PYO/+9hQDA+ZUUXokIy0AL1uFrYpaF5VRPdv4w==",
      "license": "MIT"
    },
    "node_modules/@chirimen/ltr390": {
      "version": "1.0.1",
      "resolved": "https://registry.npmjs.org/@chirimen/ltr390/-/ltr390-1.0.1.tgz",
      "integrity": "sha512-TVN3lgi05OZDivzYynGmgbHwfR2FO99Wi2NMDYsHswnoANUUC/9tH7hi3HQ5/SlJTvJVVCxPKUHXWOIMQuM5/w==",
      "license": "MIT"
    },
    "node_modules/@chirimen/mcp9808": {
      "version": "1.0.0",
      "resolved": "https://registry.npmjs.org/@chirimen/mcp9808/-/mcp9808-1.0.0.tgz",
      "integrity": "sha512-nkE8TitFUSFIkMlsKltVp4n5tKQYwVBc6lt0K1Xhn1qQgd88AboCPTz7onQZG2zbh1W+OoF+Gv8Ei3kVcpywvQ==",
      "license": "MIT"
    },
    "node_modules/@chirimen/microbit": {
      "version": "1.1.1",
      "resolved": "https://registry.npmjs.org/@chirimen/microbit/-/microbit-1.1.1.tgz",
      "integrity": "sha512-N5KjzVwbBlYWFUzEOhZwOq1A0lEgMJiFjcFW7btEWUffbaPbO/1vYJzZZ3mHfWj4QLHk0RRxVPqMjGVRAQOvAw=="
    },
    "node_modules/@chirimen/mlx90614": {
      "version": "1.0.3",
      "resolved": "https://registry.npmjs.org/@chirimen/mlx90614/-/mlx90614-1.0.3.tgz",
      "integrity": "sha512-m+TZP+Ofdls13F1DaOIc/mcAf82mlvvboDBK5oCz4UKpxB5APqykskmk+olaXXDJElPPNMKvG5iO6XHWxS3pIg==",
      "license": "MIT"
    },
    "node_modules/@chirimen/mpu6050": {
      "version": "1.0.3",
      "resolved": "https://registry.npmjs.org/@chirimen/mpu6050/-/mpu6050-1.0.3.tgz",
      "integrity": "sha512-YDDx5Ej4G8O0NPMCZt1nnq0/MI0S8gpiDByr9IdyAg338AMwr26Sq9jWjzNheF7nWRiNIyENeCtCZ6iKjpaBCw==",
      "license": "MIT"
    },
    "node_modules/@chirimen/mpu6500": {
      "version": "1.0.3",
      "resolved": "https://registry.npmjs.org/@chirimen/mpu6500/-/mpu6500-1.0.3.tgz",
      "integrity": "sha512-mNWT2aJ6F1TBcW+h82P0JWu/jsGIU9pRe6KnTqxp702T9WEqrYuvoE5wd1cX0LtAYjQt9YoSZTkA2fk74xh6hQ==",
      "license": "MIT"
    },
    "node_modules/@chirimen/neopixel-i2c": {
      "version": "1.0.3",
      "resolved": "https://registry.npmjs.org/@chirimen/neopixel-i2c/-/neopixel-i2c-1.0.3.tgz",
      "integrity": "sha512-W3ZZDa1/NqAz9dZXc1/2t+fhgy3NIMcUMNo1AlLu/zsOKjnF0YAmvtS0X9qQoryLOsmRNl7QMXqPKfJUE08U6w==",
      "license": "MIT"
    },
    "node_modules/@chirimen/pca9685": {
      "version": "1.0.7",
      "resolved": "https://registry.npmjs.org/@chirimen/pca9685/-/pca9685-1.0.7.tgz",
      "integrity": "sha512-LktEWn5YY4JDhS/tofi8nRntjm5JHIrlE3kikKxG0+MOSKpiYLzfaBumFug5mC9Djz9YQBhfUywxn4bQaeTonA==",
      "license": "MIT"
    },
    "node_modules/@chirimen/pca9685-pwm": {
      "version": "1.0.3",
      "resolved": "https://registry.npmjs.org/@chirimen/pca9685-pwm/-/pca9685-pwm-1.0.3.tgz",
      "integrity": "sha512-0Uxs3gJ/OlklQVhufaKqmTD59lBYBLkNSn4Xzqf45dibd+cQMHPXVvOOQxwwlbXEGtJyvf1BPLqJltW4tWloHQ==",
      "license": "MIT"
    },
    "node_modules/@chirimen/pcf8591": {
      "version": "1.0.3",
      "resolved": "https://registry.npmjs.org/@chirimen/pcf8591/-/pcf8591-1.0.3.tgz",
      "integrity": "sha512-rn7hQvwm/Qb7VRr1R8ZYIqTrM2R2q92Cr3atcikmUnm2pHRVEWQ91ZqHvLWFT6JEguBWHpRWOA9ue3F+xIvwYw==",
      "license": "MIT"
    },
    "node_modules/@chirimen/s11059": {
      "version": "1.0.6",
      "resolved": "https://registry.npmjs.org/@chirimen/s11059/-/s11059-1.0.6.tgz",
      "integrity": "sha512-NTscX183YW+8quz0yg4m1OHHefJzpFv2yCZP+9BhTV3eXKrDYnQjRanv8MrvQeU4xEjQcdAnjYxuLJhRLLraZw==",
      "license": "MIT"
    },
    "node_modules/@chirimen/scd40": {
      "version": "1.0.2",
      "resolved": "https://registry.npmjs.org/@chirimen/scd40/-/scd40-1.0.2.tgz",
      "integrity": "sha512-GNO9nsJ/vi11a5Fzmki7lut9Wlqd8N1xfIMZzYHy8LD/lTT6UDR/BFb1B9+lkV+k6rvMeujLh25sVblBGc3oMg==",
      "license": "MIT"
    },
    "node_modules/@chirimen/seesaw": {
      "version": "1.0.3",
      "resolved": "https://registry.npmjs.org/@chirimen/seesaw/-/seesaw-1.0.3.tgz",
      "integrity": "sha512-jux6VUTx+wx8fwsSp0ywtMEUmiycguqlZhfOo2IzIKp5aGtFeZS5mzGQ24rT0Hf+w/0MQpsAtGIhmjZvcUZznw==",
      "license": "MIT"
    },
    "node_modules/@chirimen/sgp40": {
      "version": "1.0.1",
      "resolved": "https://registry.npmjs.org/@chirimen/sgp40/-/sgp40-1.0.1.tgz",
      "integrity": "sha512-D6Il21zfqFzXI4B1FFmJYjiYt4z1/RV01S7g+C5z94mtwLlW5vt3V3b7Jp83/vxmdOJYTR3a+X3pxUm/1BWE/A==",
      "license": "MIT"
    },
    "node_modules/@chirimen/sht30": {
      "version": "1.0.3",
      "resolved": "https://registry.npmjs.org/@chirimen/sht30/-/sht30-1.0.3.tgz",
      "integrity": "sha512-S6LUFYjSdIPSaK8RukEYD+UKS4yKpiFfMbUK9m9Phbsa704SQAvo+bUtbPqJko+XZX8lADXr12BdEW8QrLl+Qw==",
      "license": "MIT"
    },
    "node_modules/@chirimen/sht40": {
      "version": "1.0.3",
      "resolved": "https://registry.npmjs.org/@chirimen/sht40/-/sht40-1.0.3.tgz",
      "integrity": "sha512-R1sODsB6TGziqtPlW6aVZBOipdDK0nF8R9MspnEgiL81//mKdcl2Fh03T1PCbF0FczIlqobV8oJPrCdXoBt59w==",
      "license": "MIT"
    },
    "node_modules/@chirimen/tca9548a": {
      "version": "1.0.6",
      "resolved": "https://registry.npmjs.org/@chirimen/tca9548a/-/tca9548a-1.0.6.tgz",
      "integrity": "sha512-EgQlVMChXq6m67vTfOhghW/gHWgBzpGuIjeEvxuQfsQe2zs3xuXEwr9S/uPTGJQ8rvIJfezqYcRZWdTuk9g9Zw==",
      "license": "MIT"
    },
    "node_modules/@chirimen/tcs34725": {
      "version": "1.0.3",
      "resolved": "https://registry.npmjs.org/@chirimen/tcs34725/-/tcs34725-1.0.3.tgz",
      "integrity": "sha512-CUufHThMjyMMbajVx8m+SB8C9lMYO6LNUQK624vXuMNghraTL/tvis589uOczoCfekVEBjlCtF2QVJL0uBhoYA==",
      "license": "MIT"
    },
    "node_modules/@chirimen/tsl2591": {
      "version": "1.0.1",
      "resolved": "https://registry.npmjs.org/@chirimen/tsl2591/-/tsl2591-1.0.1.tgz",
      "integrity": "sha512-ZSKPiYu9rAahhglTG33G5Y7Hgxs2zXrks3uq765UlvfdLe42rvAUfIavGox+HrXDGD0jx43eBMoNS2EYp//G+Q==",
      "license": "MIT"
    },
    "node_modules/@chirimen/veml6070": {
      "version": "1.0.4",
      "resolved": "https://registry.npmjs.org/@chirimen/veml6070/-/veml6070-1.0.4.tgz",
      "integrity": "sha512-W9XblEGwFpxmWoHQTI3fohzej1GFz0xR3ccvZctvJm+1+bx5g5Gn6dhSAGsC7oky2i0SxteM2moYt1SU9K40mA==",
      "license": "MIT"
    },
    "node_modules/@chirimen/vl53l0x": {
      "version": "1.0.7",
      "resolved": "https://registry.npmjs.org/@chirimen/vl53l0x/-/vl53l0x-1.0.7.tgz",
      "integrity": "sha512-26A8mHwOADhbESwmabksxFGmnFXaglojDosTq9upyrPZv7SwqQ59gkFuO2wXxeSlgKajs9og8JuL3utyz2iOLA==",
      "license": "MIT"
    },
    "node_modules/@chirimen/vl53l1x": {
      "version": "1.0.3",
      "resolved": "https://registry.npmjs.org/@chirimen/vl53l1x/-/vl53l1x-1.0.3.tgz",
      "integrity": "sha512-8+zoc7ZKr9dsY9dMWqbjmTwml6Li37FR9whIkj1MAnxlddm4/lwJSmcTLD+V6OKxPUN0876exWWsBmAZ+9Np/g==",
      "license": "MIT"
    },
    "node_modules/@types/i2c-bus": {
      "version": "5.1.2",
      "resolved": "https://registry.npmjs.org/@types/i2c-bus/-/i2c-bus-5.1.2.tgz",
      "integrity": "sha512-Zph1a3TZnvU8yUEhR8Yvv+Fv61dE3WQ2gMs4B2KgBUuKYE73quagMvmUN9EvRIbf4B+zq1WKMYjLOafdNus1ig==",
      "license": "MIT",
      "dependencies": {
        "@types/node": "*"
      }
    },
    "node_modules/@types/node": {
      "version": "20.19.9",
      "resolved": "https://registry.npmjs.org/@types/node/-/node-20.19.9.tgz",
      "integrity": "sha512-cuVNgarYWZqxRJDQHEB58GEONhOK79QVR/qYx4S7kcUObQvUwvFnYxJuuHUKm2aieN9X3yZB4LZsuYNU1Qphsw==",
      "license": "MIT",
      "dependencies": {
        "undici-types": "~6.21.0"
      }
    },
    "node_modules/bindings": {
      "version": "1.5.0",
      "resolved": "https://registry.npmjs.org/bindings/-/bindings-1.5.0.tgz",
      "integrity": "sha512-p2q/t/mhvuOj/UeLlV6566GD/guowlr0hHxClI0W9m7MWYkL1F0hLo+0Aexs9HSPCtR1SXQ0TD3MMKrXZajbiQ==",
      "license": "MIT",
      "dependencies": {
        "file-uri-to-path": "1.0.0"
      }
    },
    "node_modules/chirimen": {
      "version": "0.2.1",
      "resolved": "https://registry.npmjs.org/chirimen/-/chirimen-0.2.1.tgz",
      "integrity": "sha512-W4xNFSxodv5HsD89jWsu6OsoMwOPaOueN3hUFsdcsDVH00a0LcYu1YcLtNjT4gIKsXsXDf86GQxpibcikyEqpg==",
      "license": "MIT",
      "dependencies": {
        "@chirimen/ads1015": "latest",
        "@chirimen/ads1x15": "latest",
        "@chirimen/adt7410": "latest",
        "@chirimen/aht10": "latest",
        "@chirimen/ahtx0": "latest",
        "@chirimen/ak8963": "latest",
        "@chirimen/amg8833": "latest",
        "@chirimen/apds9960": "latest",
        "@chirimen/arduino-stepping-motor": "latest",
        "@chirimen/as3935": "latest",
        "@chirimen/as5600": "latest",
        "@chirimen/bh1750": "latest",
        "@chirimen/bme280": "latest",
        "@chirimen/bme680": "latest",
        "@chirimen/bmp180": "latest",
        "@chirimen/bmp280": "latest",
        "@chirimen/canzasi": "latest",
        "@chirimen/ccs811": "latest",
        "@chirimen/ens160": "latest",
        "@chirimen/gp2y0e03": "latest",
        "@chirimen/grove-accelerometer": "latest",
        "@chirimen/grove-gesture": "latest",
        "@chirimen/grove-light": "latest",
        "@chirimen/grove-oled-display": "latest",
        "@chirimen/grove-touch": "latest",
        "@chirimen/hello-world": "latest",
        "@chirimen/ht16k33": "latest",
        "@chirimen/htu21d": "latest",
        "@chirimen/icm20948": "latest",
        "@chirimen/ina219": "latest",
        "@chirimen/ltr390": "latest",
        "@chirimen/microbit": "latest",
        "@chirimen/mlx90614": "latest",
        "@chirimen/mpu6050": "latest",
        "@chirimen/mpu6500": "latest",
        "@chirimen/neopixel-i2c": "latest",
        "@chirimen/pca9685": "latest",
        "@chirimen/pca9685-pwm": "latest",
        "@chirimen/pcf8591": "latest",
        "@chirimen/s11059": "latest",
        "@chirimen/scd40": "latest",
        "@chirimen/seesaw": "latest",
        "@chirimen/sgp40": "latest",
        "@chirimen/sht30": "latest",
        "@chirimen/sht40": "latest",
        "@chirimen/tca9548a": "latest",
        "@chirimen/tcs34725": "latest",
        "@chirimen/tsl2591": "latest",
        "@chirimen/veml6070": "latest",
        "@chirimen/vl53l0x": "latest",
        "@chirimen/vl53l1x": "latest",
        "node-web-gpio": "latest",
        "node-web-i2c": "latest"
      }
    },
    "node_modules/file-uri-to-path": {
      "version": "1.0.0",
      "resolved": "https://registry.npmjs.org/file-uri-to-path/-/file-uri-to-path-1.0.0.tgz",
      "integrity": "sha512-0Zt+s3L7Vf1biwWZ29aARiVYLx7iMGnEUl9x33fbB/j3jR81u/O2LbqK+Bm1CDSNDKVtJ/YjwY7TUd5SkeLQLw==",
      "license": "MIT"
    },
    "node_modules/i2c-bus": {
      "version": "5.2.3",
      "resolved": "https://registry.npmjs.org/i2c-bus/-/i2c-bus-5.2.3.tgz",
      "integrity": "sha512-kzFgU0OSIZlaeUUa+VK7L+kkxnj4feimCVQDOPrzj0cTaB+hNweTsO8/j7QvW2gRgWQ7ds5IpfFjpBrX+fMNng==",
      "hasInstallScript": true,
      "license": "MIT",
      "dependencies": {
        "bindings": "^1.5.0",
        "nan": "^2.17.0"
      },
      "engines": {
        "node": ">=10.0.0"
      }
    },
    "node_modules/nan": {
      "version": "2.23.0",
      "resolved": "https://registry.npmjs.org/nan/-/nan-2.23.0.tgz",
      "integrity": "sha512-1UxuyYGdoQHcGg87Lkqm3FzefucTa0NAiOcuRsDmysep3c1LVCRK2krrUDafMWtjSG04htvAmvg96+SDknOmgQ==",
      "license": "MIT"
    },
    "node_modules/node-web-gpio": {
      "version": "1.1.21",
      "resolved": "https://registry.npmjs.org/node-web-gpio/-/node-web-gpio-1.1.21.tgz",
      "integrity": "sha512-ks6Tk1MpoAnFcIy8WwXL9xIDZTexhoiaXmnGlM6RTW0WVg1vNh6PUlHnK+gMQjtvJJDrAe5QVduWihlKh6kWnw==",
      "license": "MIT"
    },
    "node_modules/node-web-i2c": {
      "version": "1.1.36",
      "resolved": "https://registry.npmjs.org/node-web-i2c/-/node-web-i2c-1.1.36.tgz",
      "integrity": "sha512-Uw1De35GG8iOQSSe1e8PCUwkWll5wvQxEEJQY7p7EDAe07S/UEkwFRvM2qd/2C9irSTCzyLrMNX8EANNITfbHw==",
      "license": "MIT",
      "dependencies": {
        "@types/i2c-bus": "^5.1.0",
        "@types/node": "^20.0.0",
        "i2c-bus": "^5.2.2"
      }
    },
    "node_modules/undici-types": {
      "version": "6.21.0",
      "resolved": "https://registry.npmjs.org/undici-types/-/undici-types-6.21.0.tgz",
      "integrity": "sha512-iwDZqg0QAGrg9Rav5H4n0M64c3mkR59cJ6wQp+7C4nI0gsmExaedaYLNO44eT4AtBBwjbTiGPMlt2Md0T9H9JQ==",
      "license": "MIT"
    }
  }
}
