{
  "name": "bme680",
  "version": "1.0.0",
  "lockfileVersion": 3,
  "requires": true,
  "packages": {
    "": {
      "name": "bme680",
      "version": "1.0.0",
      "license": "MIT",
      "dependencies": {
        "@chirimen/bme680": "^2.0.0",
        "node-web-i2c": "^1.1.51"
      }
    },
    "node_modules/@chirimen/bme680": {
      "version": "2.0.0",
      "resolved": "https://registry.npmjs.org/@chirimen/bme680/-/bme680-2.0.0.tgz",
      "integrity": "sha512-FNkuN09eTI1pQRJVKs6zaf/EzRJ+0EYnmoxGVbSMmlhunpYUWgg2Eo63kZTQYrRWZpOHOSsEQhSx/a05whGnJw==",
      "peerDependencies": {
        "node-web-i2c": "^1.1.51"
      }
    },
    "node_modules/@types/i2c-bus": {
      "version": "5.1.2",
      "resolved": "https://registry.npmjs.org/@types/i2c-bus/-/i2c-bus-5.1.2.tgz",
      "integrity": "sha512-Zph1a3TZnvU8yUEhR8Yvv+Fv61dE3WQ2gMs4B2KgBUuKYE73quagMvmUN9EvRIbf4B+zq1WKMYjLOafdNus1ig==",
      "license": "MIT",
      "dependencies": {
        "@types/node": "*"
      }
    },
    "node_modules/@types/node": {
      "version": "25.9.5",
      "resolved": "https://registry.npmjs.org/@types/node/-/node-25.9.5.tgz",
      "integrity": "sha512-OScDchr2fwuUmWdf4kZ9h7PcJiYDVInhJizG/biAq3cAvqwYktuy/TYGGdZNMtNTFUP7rnb0NU4TUdm82kt4Rg==",
      "license": "MIT",
      "dependencies": {
        "undici-types": ">=7.24.0 <7.24.7"
      }
    },
    "node_modules/bindings": {
      "version": "1.5.0",
      "resolved": "https://registry.npmjs.org/bindings/-/bindings-1.5.0.tgz",
      "integrity": "sha512-p2q/t/mhvuOj/UeLlV6566GD/guowlr0hHxClI0W9m7MWYkL1F0hLo+0Aexs9HSPCtR1SXQ0TD3MMKrXZajbiQ==",
      "license": "MIT",
      "dependencies": {
        "file-uri-to-path": "1.0.0"
      }
    },
    "node_modules/file-uri-to-path": {
      "version": "1.0.0",
      "resolved": "https://registry.npmjs.org/file-uri-to-path/-/file-uri-to-path-1.0.0.tgz",
      "integrity": "sha512-0Zt+s3L7Vf1biwWZ29aARiVYLx7iMGnEUl9x33fbB/j3jR81u/O2LbqK+Bm1CDSNDKVtJ/YjwY7TUd5SkeLQLw==",
      "license": "MIT"
    },
    "node_modules/i2c-bus": {
      "version": "5.2.3",
      "resolved": "https://registry.npmjs.org/i2c-bus/-/i2c-bus-5.2.3.tgz",
      "integrity": "sha512-kzFgU0OSIZlaeUUa+VK7L+kkxnj4feimCVQDOPrzj0cTaB+hNweTsO8/j7QvW2gRgWQ7ds5IpfFjpBrX+fMNng==",
      "hasInstallScript": true,
      "license": "MIT",
      "dependencies": {
        "bindings": "^1.5.0",
        "nan": "^2.17.0"
      },
      "engines": {
        "node": ">=10.0.0"
      }
    },
    "node_modules/nan": {
      "version": "2.28.0",
      "resolved": "https://registry.npmjs.org/nan/-/nan-2.28.0.tgz",
      "integrity": "sha512-fTsDz99OTq2sVePhGdp4qQhggZFtKr64ZNVyVajRKtMOkJxYekplBh577PiJB12v/D3s2E5cGtOI45LWp6rnLQ==",
      "license": "MIT"
    },
    "node_modules/node-web-i2c": {
      "version": "1.1.80",
      "resolved": "https://registry.npmjs.org/node-web-i2c/-/node-web-i2c-1.1.80.tgz",
      "integrity": "sha512-BwnW6JfwWRZ9Tw6BbuCOpJQbJ2fQ9+TTWdvv9ZKEUTeUj/j3pCv281UbrLvVazhYbbmwG/9kCPW+cwt+XVV3Fw==",
      "license": "MIT",
      "dependencies": {
        "@types/i2c-bus": "^5.1.2",
        "@types/node": "^25.9.2",
        "i2c-bus": "^5.2.3"
      }
    },
    "node_modules/undici-types": {
      "version": "7.24.6",
      "resolved": "https://registry.npmjs.org/undici-types/-/undici-types-7.24.6.tgz",
      "integrity": "sha512-WRNW+sJgj5OBN4/0JpHFqtqzhpbnV0GuB+OozA9gCL7a993SmU+1JBZCzLNxYsbMfIeDL+lTsphD5jN5N+n0zg==",
      "license": "MIT"
    }
  }
}
